
Microsoft Visual Studio Solution File, Format Version 12.00
# Visual Studio Version 17
VisualStudioVersion = 17.1.32228.430
MinimumVisualStudioVersion = 10.0.40219.1
Project("{FAE04EC0-301F-11D3-BF4B-00C04F79EFBC}") = "SGI", "SGI\SGI.csproj", "{CF75C136-BB80-4442-9874-C093129738BE}"
EndProject
Global
	GlobalSection(SolutionConfigurationPlatforms) = preSolution
		Debug|Any CPU = Debug|Any CPU
		Release|Any CPU = Release|Any CPU
	EndGlobalSection
	GlobalSection(ProjectConfigurationPlatforms) = postSolution
		{CF75C136-BB80-4442-9874-C093129738BE}.Debug|Any CPU.ActiveCfg = Debug|Any CPU
		{CF75C136-BB80-4442-9874-C093129738BE}.Debug|Any CPU.Build.0 = Debug|Any CPU
		{CF75C136-BB80-4442-9874-C093129738BE}.Release|Any CPU.ActiveCfg = Release|Any CPU
		{CF75C136-BB80-4442-9874-C093129738BE}.Release|Any CPU.Build.0 = Release|Any CPU
	EndGlobalSection
	GlobalSection(SolutionProperties) = preSolution
		HideSolutionNode = FALSE
	EndGlobalSection
	GlobalSection(ExtensibilityGlobals) = postSolution
		SolutionGuid = {F27A4DD9-9594-466E-82CA-6F4E4FAE0762}
	EndGlobalSection
EndGlobal
